
Microsoft Visual Studio Solution File, Format Version 12.00
# Visual Studio 15
VisualStudioVersion = 15.0.26403.0
MinimumVisualStudioVersion = 10.0.40219.1
Project("{FAE04EC0-301F-11D3-BF4B-00C04F79EFBC}") = "WebHost", "WebHost\WebHost.csproj", "{3F81D1E9-20DF-4CB6-93DE-84C56EE3D43B}"
EndProject
Project("{FAE04EC0-301F-11D3-BF4B-00C04F79EFBC}") = "BLL", "BLL\BLL.csproj", "{A621FB33-6706-4612-9543-231EC17C2FF9}"
EndProject
Project("{FAE04EC0-301F-11D3-BF4B-00C04F79EFBC}") = "IBLL", "IBLL\IBLL.csproj", "{CA2C0873-0F92-4F09-B697-555FC740B5D3}"
EndProject
Global
	GlobalSection(SolutionConfigurationPlatforms) = preSolution
		Debug|Any CPU = Debug|Any CPU
		Release|Any CPU = Release|Any CPU
	EndGlobalSection
	GlobalSection(ProjectConfigurationPlatforms) = postSolution
		{3F81D1E9-20DF-4CB6-93DE-84C56EE3D43B}.Debug|Any CPU.ActiveCfg = Debug|Any CPU
		{3F81D1E9-20DF-4CB6-93DE-84C56EE3D43B}.Debug|Any CPU.Build.0 = Debug|Any CPU
		{3F81D1E9-20DF-4CB6-93DE-84C56EE3D43B}.Release|Any CPU.ActiveCfg = Release|Any CPU
		{3F81D1E9-20DF-4CB6-93DE-84C56EE3D43B}.Release|Any CPU.Build.0 = Release|Any CPU
		{A621FB33-6706-4612-9543-231EC17C2FF9}.Debug|Any CPU.ActiveCfg = Debug|Any CPU
		{A621FB33-6706-4612-9543-231EC17C2FF9}.Debug|Any CPU.Build.0 = Debug|Any CPU
		{A621FB33-6706-4612-9543-231EC17C2FF9}.Release|Any CPU.ActiveCfg = Release|Any CPU
		{A621FB33-6706-4612-9543-231EC17C2FF9}.Release|Any CPU.Build.0 = Release|Any CPU
		{CA2C0873-0F92-4F09-B697-555FC740B5D3}.Debug|Any CPU.ActiveCfg = Debug|Any CPU
		{CA2C0873-0F92-4F09-B697-555FC740B5D3}.Debug|Any CPU.Build.0 = Debug|Any CPU
		{CA2C0873-0F92-4F09-B697-555FC740B5D3}.Release|Any CPU.ActiveCfg = Release|Any CPU
		{CA2C0873-0F92-4F09-B697-555FC740B5D3}.Release|Any CPU.Build.0 = Release|Any CPU
	EndGlobalSection
	GlobalSection(SolutionProperties) = preSolution
		HideSolutionNode = FALSE
	EndGlobalSection
EndGlobal
